
Microsoft Visual Studio Solution File, Format Version 12.00
# Visual Studio 14
VisualStudioVersion = 14.0.25420.1
MinimumVisualStudioVersion = 10.0.40219.1
Project("{FAE04EC0-301F-11D3-BF4B-00C04F79EFBC}") = "ThingWheel", "ThingWheel\ThingWheel.csproj", "{8026A4C6-33E5-4572-A58D-0077FD6612D5}"
EndProject
Project("{E24C65DC-7377-472B-9ABA-BC803B73C61A}") = "testApp", "testApp\", "{C0DB661C-2F49-4B7B-A470-4C1DB8D4D256}"
	ProjectSection(WebsiteProperties) = preProject
		TargetFrameworkMoniker = ".NETFramework,Version%3Dv4.0"
		Debug.AspNetCompiler.VirtualPath = "/localhost_43481"
		Debug.AspNetCompiler.PhysicalPath = "testApp\"
		Debug.AspNetCompiler.TargetPath = "PrecompiledWeb\localhost_43481\"
		Debug.AspNetCompiler.Updateable = "true"
		Debug.AspNetCompiler.ForceOverwrite = "true"
		Debug.AspNetCompiler.FixedNames = "false"
		Debug.AspNetCompiler.Debug = "True"
		Release.AspNetCompiler.VirtualPath = "/localhost_43481"
		Release.AspNetCompiler.PhysicalPath = "testApp\"
		Release.AspNetCompiler.TargetPath = "PrecompiledWeb\localhost_43481\"
		Release.AspNetCompiler.Updateable = "true"
		Release.AspNetCompiler.ForceOverwrite = "true"
		Release.AspNetCompiler.FixedNames = "false"
		Release.AspNetCompiler.Debug = "False"
		VWDPort = "43481"
		SlnRelativePath = "testApp\"
	EndProjectSection
EndProject
Global
	GlobalSection(SolutionConfigurationPlatforms) = preSolution
		Debug|Any CPU = Debug|Any CPU
		Release|Any CPU = Release|Any CPU
	EndGlobalSection
	GlobalSection(ProjectConfigurationPlatforms) = postSolution
		{8026A4C6-33E5-4572-A58D-0077FD6612D5}.Debug|Any CPU.ActiveCfg = Debug|Any CPU
		{8026A4C6-33E5-4572-A58D-0077FD6612D5}.Debug|Any CPU.Build.0 = Debug|Any CPU
		{8026A4C6-33E5-4572-A58D-0077FD6612D5}.Release|Any CPU.ActiveCfg = Release|Any CPU
		{8026A4C6-33E5-4572-A58D-0077FD6612D5}.Release|Any CPU.Build.0 = Release|Any CPU
		{C0DB661C-2F49-4B7B-A470-4C1DB8D4D256}.Debug|Any CPU.ActiveCfg = Debug|Any CPU
		{C0DB661C-2F49-4B7B-A470-4C1DB8D4D256}.Debug|Any CPU.Build.0 = Debug|Any CPU
		{C0DB661C-2F49-4B7B-A470-4C1DB8D4D256}.Release|Any CPU.ActiveCfg = Debug|Any CPU
		{C0DB661C-2F49-4B7B-A470-4C1DB8D4D256}.Release|Any CPU.Build.0 = Debug|Any CPU
	EndGlobalSection
	GlobalSection(SolutionProperties) = preSolution
		HideSolutionNode = FALSE
	EndGlobalSection
EndGlobal
